PODS:
  - ASIHTTPRequest (1.8.2):
    - ASIHTTPRequest/ASIWebPageRequest (= 1.8.2)
    - ASIHTTPRequest/CloudFiles (= 1.8.2)
    - ASIHTTPRequest/Core (= 1.8.2)
    - ASIHTTPRequest/S3 (= 1.8.2)
  - ASIHTTPRequest/ASIWebPageRequest (1.8.2):
    - ASIHTTPRequest/Core
  - ASIHTTPRequest/CloudFiles (1.8.2):
    - ASIHTTPRequest/Core
  - ASIHTTPRequest/Core (1.8.2):
    - Reachability
  - ASIHTTPRequest/S3 (1.8.2):
    - ASIHTTPRequest/Core
  - FMDB (2.7.2):
    - FMDB/standard (= 2.7.2)
  - FMDB/standard (2.7.2)
  - MJRefresh (2.4.12)
  - PICircularProgressView (0.1.1)
  - QBPopupMenu (2.0)
  - Reachability (3.2)
  - SDWebImage (3.7.6):
    - SDWebImage/Core (= 3.7.6)
  - SDWebImage/Core (3.7.6)
  - Toast (2.4)
  - TXLiteAVSDK_Professional (7.2.8932)
  - UMengAnalytics-NO-IDFA (4.2.5)
  - UMengUShare/Core (6.4.8.2):
    - UMengUShare/Network
  - UMengUShare/Network (6.4.8.2)
  - UMengUShare/Social/AlipayShare (6.4.8.2):
    - UMengUShare/Core
  - UMengUShare/Social/QQ (6.4.8.2):
    - UMengUShare/Core
    - UMengUShare/Social/ReducedQQ
  - UMengUShare/Social/ReducedQQ (6.4.8.2):
    - UMengUShare/Core
  - UMengUShare/Social/ReducedSina (6.4.8.2):
    - UMengUShare/Core
  - UMengUShare/Social/ReducedWeChat (6.4.8.2):
    - UMengUShare/Core
  - UMengUShare/UI (6.4.8.2):
    - UMengUShare/Core
  - WechatOpenSDK (1.8.7.1)

DEPENDENCIES:
  - ASIHTTPRequest (~> 1.8.2)
  - FMDB (~> 2.5)
  - MJRefresh (~> 2.4.7)
  - PICircularProgressView (~> 0.1.1)
  - QBPopupMenu
  - SDWebImage
  - Toast (~> 2.4)
  - TXLiteAVSDK_Professional (from `http://pod-1252463788.cosgz.myqcloud.com/liteavsdkspec/TXLiteAVSDK_Professional.podspec`)
  - UMengAnalytics-NO-IDFA
  - UMengUShare/Social/AlipayShare
  - UMengUShare/Social/QQ
  - UMengUShare/Social/ReducedQQ
  - UMengUShare/Social/ReducedSina
  - UMengUShare/Social/ReducedWeChat
  - UMengUShare/UI
  - WechatOpenSDK

SPEC REPOS:
  https://github.com/CocoaPods/Specs.git:
    - ASIHTTPRequest
    - FMDB
    - MJRefresh
    - PICircularProgressView
    - QBPopupMenu
    - Reachability
    - SDWebImage
    - Toast
    - UMengAnalytics-NO-IDFA
    - UMengUShare
    - WechatOpenSDK

EXTERNAL SOURCES:
  TXLiteAVSDK_Professional:
    :podspec: http://pod-1252463788.cosgz.myqcloud.com/liteavsdkspec/TXLiteAVSDK_Professional.podspec

SPEC CHECKSUMS:
  ASIHTTPRequest: ec013992946676b7978dcbde6396d57312d21db4
  FMDB: 6198a90e7b6900cfc046e6bc0ef6ebb7be9236aa
  MJRefresh: ca8e9589895977df32d379d46e6b8a5450b3ff44
  PICircularProgressView: 85f83198fcfb14ce4a69e981e7a6b2185163f9f8
  QBPopupMenu: e370cbc7ad8a8d09afe1726117aa18f92696f66a
  Reachability: 33e18b67625424e47b6cde6d202dce689ad7af96
  SDWebImage: c325cf02c30337336b95beff20a13df489ec0ec9
  Toast: 0773b8fc0e97352ca6054517bec7ebdd4110029d
  TXLiteAVSDK_Professional: a93f4d5fbc38382906ce4b38560b08d5b3b9a192
  UMengAnalytics-NO-IDFA: 16666e32edce5be44ae5b14aaaa7f3582e09d6ab
  UMengUShare: 370d180101e13ee0227ae657ab119ba97243d2b3
  WechatOpenSDK: 6a4d1436c15b3b5fe2a0bd383f3046010186da44

PODFILE CHECKSUM: 45fadd16a901ab280d9670f3469bb6bf554e0710

COCOAPODS: 1.9.1
